// !$*UTF8*$!
{
	archiveVersion = 1;
	classes = {
	};
	objectVersion = 56;
	objects = {

/* Begin PBXBuildFile section */
		26F8AEAC2949C9CB004B7BD6 /* SignInWithApple.swift in Sources */ = {isa = PBXBuildFile; fileRef = 26F8AEAB2949C9CB004B7BD6 /* SignInWithApple.swift */; };
		26F8AEAE2949CA61004B7BD6 /* InterFace.swift in Sources */ = {isa = PBXBuildFile; fileRef = 26F8AEAD2949CA61004B7BD6 /* InterFace.swift */; };
		26F8AEB02949CB73004B7BD6 /* ChangePassword.swift in Sources */ = {isa = PBXBuildFile; fileRef = 26F8AEAF2949CB73004B7BD6 /* ChangePassword.swift */; };
		26F8AEB22949CBA6004B7BD6 /* resendPassword.swift in Sources */ = {isa = PBXBuildFile; fileRef = 26F8AEB12949CBA6004B7BD6 /* resendPassword.swift */; };
		9916EF802941BD0A00D159FA /* EstafhemApp.swift in Sources */ = {isa = PBXBuildFile; fileRef = 9916EF7F2941BD0A00D159FA /* EstafhemApp.swift */; };
		9916EF822941BD0A00D159FA /* StartView.swift in Sources */ = {isa = PBXBuildFile; fileRef = 9916EF812941BD0A00D159FA /* StartView.swift */; };
		9916EF842941BD0B00D159FA /* Assets.xcassets in Resources */ = {isa = PBXBuildFile; fileRef = 9916EF832941BD0B00D159FA /* Assets.xcassets */; };
		9916EF872941BD0B00D159FA /* Preview Assets.xcassets in Resources */ = {isa = PBXBuildFile; fileRef = 9916EF862941BD0B00D159FA /* Preview Assets.xcassets */; };
		992B74572941D60D00A29479 /* SwiftUIView.swift in Sources */ = {isa = PBXBuildFile; fileRef = 992B74562941D60D00A29479 /* SwiftUIView.swift */; };
		9976D6DC2944B1B300BE57D3 /* Date.swift in Sources */ = {isa = PBXBuildFile; fileRef = 9976D6DB2944B1B300BE57D3 /* Date.swift */; };
		9976D6DE2945B35100BE57D3 /* MessageBot.swift in Sources */ = {isa = PBXBuildFile; fileRef = 9976D6DD2945B35100BE57D3 /* MessageBot.swift */; };
		998AB87E2943371A00179B71 /* consular.swift in Sources */ = {isa = PBXBuildFile; fileRef = 998AB87D2943371A00179B71 /* consular.swift */; };
		998AB8802943373100179B71 /* consularList.swift in Sources */ = {isa = PBXBuildFile; fileRef = 998AB87F2943373100179B71 /* consularList.swift */; };
		99A732F3294857FB00095932 /* CheckBoxView.swift in Sources */ = {isa = PBXBuildFile; fileRef = 99A732F2294857FB00095932 /* CheckBoxView.swift */; };
		99A732F52949BD6E00095932 /* TermsView.swift in Sources */ = {isa = PBXBuildFile; fileRef = 99A732F42949BD6E00095932 /* TermsView.swift */; };
		99A732F8294A13F000095932 /* confirmation.swift in Sources */ = {isa = PBXBuildFile; fileRef = 99A732F7294A13F000095932 /* confirmation.swift */; };
		99E0675D294A1AD2009BD4E4 /* sessions.swift in Sources */ = {isa = PBXBuildFile; fileRef = 99E0675C294A1AD2009BD4E4 /* sessions.swift */; };
		99EF03A42941BDB10032FB5F /* Profaile.swift in Sources */ = {isa = PBXBuildFile; fileRef = 99EF03A32941BDB10032FB5F /* Profaile.swift */; };
		99EF03A82941C2790032FB5F /* Login .swift in Sources */ = {isa = PBXBuildFile; fileRef = 99EF03A72941C2790032FB5F /* Login .swift */; };
		99EF03AA2941C29B0032FB5F /* Start page.swift in Sources */ = {isa = PBXBuildFile; fileRef = 99EF03A92941C29B0032FB5F /* Start page.swift */; };
		99EF03AC2941C2E20032FB5F /* Forget password.swift in Sources */ = {isa = PBXBuildFile; fileRef = 99EF03AB2941C2E20032FB5F /* Forget password.swift */; };
		99EF03AE2941C3130032FB5F /* Sign up .swift in Sources */ = {isa = PBXBuildFile; fileRef = 99EF03AD2941C3130032FB5F /* Sign up .swift */; };
		99EF03B02941C3890032FB5F /* main page.swift in Sources */ = {isa = PBXBuildFile; fileRef = 99EF03AF2941C3890032FB5F /* main page.swift */; };
		99EF03B62941C4110032FB5F /* Appointment Details .swift in Sources */ = {isa = PBXBuildFile; fileRef = 99EF03B52941C4110032FB5F /* Appointment Details .swift */; };
		99EF03BC2941C5410032FB5F /* reviwe.swift in Sources */ = {isa = PBXBuildFile; fileRef = 99EF03BB2941C5410032FB5F /* reviwe.swift */; };
		99EF03BE2941C56E0032FB5F /* reviwe instructur .swift in Sources */ = {isa = PBXBuildFile; fileRef = 99EF03BD2941C56E0032FB5F /* reviwe instructur .swift */; };
		99EF03C02941C58D0032FB5F /* Settings.swift in Sources */ = {isa = PBXBuildFile; fileRef = 99EF03BF2941C58D0032FB5F /* Settings.swift */; };
		99EF03C22941C5A70032FB5F /* manage card page.swift in Sources */ = {isa = PBXBuildFile; fileRef = 99EF03C12941C5A70032FB5F /* manage card page.swift */; };
		99EF03C42941C5D00032FB5F /* Add card.swift in Sources */ = {isa = PBXBuildFile; fileRef = 99EF03C32941C5D00032FB5F /* Add card.swift */; };
		99EF03C62941C60E0032FB5F /* support.swift in Sources */ = {isa = PBXBuildFile; fileRef = 99EF03C52941C60E0032FB5F /* support.swift */; };
		99EF03C82941C6290032FB5F /* user profile.swift in Sources */ = {isa = PBXBuildFile; fileRef = 99EF03C72941C6290032FB5F /* user profile.swift */; };
		99EF03CA2941C6440032FB5F /* insturct profile .swift in Sources */ = {isa = PBXBuildFile; fileRef = 99EF03C92941C6440032FB5F /* insturct profile .swift */; };
/* End PBXBuildFile section */

/* Begin PBXFileReference section */
		26F8AEAB2949C9CB004B7BD6 /* SignInWithApple.swift */ = {isa = PBXFileReference; lastKnownFileType = sourcecode.swift; path = SignInWithApple.swift; sourceTree = "<group>"; };
		26F8AEAD2949CA61004B7BD6 /* InterFace.swift */ = {isa = PBXFileReference; lastKnownFileType = sourcecode.swift; path = InterFace.swift; sourceTree = "<group>"; };
		26F8AEAF2949CB73004B7BD6 /* ChangePassword.swift */ = {isa = PBXFileReference; lastKnownFileType = sourcecode.swift; path = ChangePassword.swift; sourceTree = "<group>"; };
		26F8AEB12949CBA6004B7BD6 /* resendPassword.swift */ = {isa = PBXFileReference; lastKnownFileType = sourcecode.swift; path = resendPassword.swift; sourceTree = "<group>"; };
		9916EF7C2941BD0A00D159FA /* Estafhem.app */ = {isa = PBXFileReference; explicitFileType = wrapper.application; includeInIndex = 0; path = Estafhem.app; sourceTree = BUILT_PRODUCTS_DIR; };
		9916EF7F2941BD0A00D159FA /* EstafhemApp.swift */ = {isa = PBXFileReference; lastKnownFileType = sourcecode.swift; path = EstafhemApp.swift; sourceTree = "<group>"; };
		9916EF812941BD0A00D159FA /* StartView.swift */ = {isa = PBXFileReference; lastKnownFileType = sourcecode.swift; path = StartView.swift; sourceTree = "<group>"; };
		9916EF832941BD0B00D159FA /* Assets.xcassets */ = {isa = PBXFileReference; lastKnownFileType = folder.assetcatalog; path = Assets.xcassets; sourceTree = "<group>"; };
		9916EF862941BD0B00D159FA /* Preview Assets.xcassets */ = {isa = PBXFileReference; lastKnownFileType = folder.assetcatalog; path = "Preview Assets.xcassets"; sourceTree = "<group>"; };
		992B74562941D60D00A29479 /* SwiftUIView.swift */ = {isa = PBXFileReference; lastKnownFileType = sourcecode.swift; path = SwiftUIView.swift; sourceTree = "<group>"; };
		9976D6DB2944B1B300BE57D3 /* Date.swift */ = {isa = PBXFileReference; lastKnownFileType = sourcecode.swift; path = Date.swift; sourceTree = "<group>"; };
		9976D6DD2945B35100BE57D3 /* MessageBot.swift */ = {isa = PBXFileReference; lastKnownFileType = sourcecode.swift; path = MessageBot.swift; sourceTree = "<group>"; };
		998AB87D2943371A00179B71 /* consular.swift */ = {isa = PBXFileReference; lastKnownFileType = sourcecode.swift; path = consular.swift; sourceTree = "<group>"; };
		998AB87F2943373100179B71 /* consularList.swift */ = {isa = PBXFileReference; lastKnownFileType = sourcecode.swift; path = consularList.swift; sourceTree = "<group>"; };
		99A732F2294857FB00095932 /* CheckBoxView.swift */ = {isa = PBXFileReference; lastKnownFileType = sourcecode.swift; path = CheckBoxView.swift; sourceTree = "<group>"; };
		99A732F42949BD6E00095932 /* TermsView.swift */ = {isa = PBXFileReference; lastKnownFileType = sourcecode.swift; path = TermsView.swift; sourceTree = "<group>"; };
		99A732F62949D95500095932 /* Estafhem.entitlements */ = {isa = PBXFileReference; lastKnownFileType = text.plist.entitlements; path = Estafhem.entitlements; sourceTree = "<group>"; };
		99A732F7294A13F000095932 /* confirmation.swift */ = {isa = PBXFileReference; lastKnownFileType = sourcecode.swift; path = confirmation.swift; sourceTree = "<group>"; };
		99E0675C294A1AD2009BD4E4 /* sessions.swift */ = {isa = PBXFileReference; lastKnownFileType = sourcecode.swift; path = sessions.swift; sourceTree = "<group>"; };
		99EF03A32941BDB10032FB5F /* Profaile.swift */ = {isa = PBXFileReference; lastKnownFileType = sourcecode.swift; path = Profaile.swift; sourceTree = "<group>"; };
		99EF03A72941C2790032FB5F /* Login .swift */ = {isa = PBXFileReference; lastKnownFileType = sourcecode.swift; path = "Login .swift"; sourceTree = "<group>"; };
		99EF03A92941C29B0032FB5F /* Start page.swift */ = {isa = PBXFileReference; lastKnownFileType = sourcecode.swift; path = "Start page.swift"; sourceTree = "<group>"; };
		99EF03AB2941C2E20032FB5F /* Forget password.swift */ = {isa = PBXFileReference; lastKnownFileType = sourcecode.swift; path = "Forget password.swift"; sourceTree = "<group>"; };
		99EF03AD2941C3130032FB5F /* Sign up .swift */ = {isa = PBXFileReference; lastKnownFileType = sourcecode.swift; path = "Sign up .swift"; sourceTree = "<group>"; };
		99EF03AF2941C3890032FB5F /* main page.swift */ = {isa = PBXFileReference; lastKnownFileType = sourcecode.swift; path = "main page.swift"; sourceTree = "<group>"; };
		99EF03B52941C4110032FB5F /* Appointment Details .swift */ = {isa = PBXFileReference; lastKnownFileType = sourcecode.swift; path = "Appointment Details .swift"; sourceTree = "<group>"; };
		99EF03BB2941C5410032FB5F /* reviwe.swift */ = {isa = PBXFileReference; lastKnownFileType = sourcecode.swift; path = reviwe.swift; sourceTree = "<group>"; };
		99EF03BD2941C56E0032FB5F /* reviwe instructur .swift */ = {isa = PBXFileReference; lastKnownFileType = sourcecode.swift; path = "reviwe instructur .swift"; sourceTree = "<group>"; };
		99EF03BF2941C58D0032FB5F /* Settings.swift */ = {isa = PBXFileReference; lastKnownFileType = sourcecode.swift; path = Settings.swift; sourceTree = "<group>"; };
		99EF03C12941C5A70032FB5F /* manage card page.swift */ = {isa = PBXFileReference; lastKnownFileType = sourcecode.swift; path = "manage card page.swift"; sourceTree = "<group>"; };
		99EF03C32941C5D00032FB5F /* Add card.swift */ = {isa = PBXFileReference; lastKnownFileType = sourcecode.swift; path = "Add card.swift"; sourceTree = "<group>"; };
		99EF03C52941C60E0032FB5F /* support.swift */ = {isa = PBXFileReference; lastKnownFileType = sourcecode.swift; path = support.swift; sourceTree = "<group>"; };
		99EF03C72941C6290032FB5F /* user profile.swift */ = {isa = PBXFileReference; lastKnownFileType = sourcecode.swift; path = "user profile.swift"; sourceTree = "<group>"; };
		99EF03C92941C6440032FB5F /* insturct profile .swift */ = {isa = PBXFileReference; lastKnownFileType = sourcecode.swift; path = "insturct profile .swift"; sourceTree = "<group>"; };
/* End PBXFileReference section */

/* Begin PBXFrameworksBuildPhase section */
		9916EF792941BD0A00D159FA /* Frameworks */ = {
			isa = PBXFrameworksBuildPhase;
			buildActionMask = 2147483647;
			files = (
			);
			runOnlyForDeploymentPostprocessing = 0;
		};
/* End PBXFrameworksBuildPhase section */

/* Begin PBXGroup section */
		9916EF732941BD0A00D159FA = {
			isa = PBXGroup;
			children = (
				99EF03A92941C29B0032FB5F /* Start page.swift */,
				9916EF7E2941BD0A00D159FA /* Estafhem */,
				9916EF7D2941BD0A00D159FA /* Products */,
			);
			sourceTree = "<group>";
		};
		9916EF7D2941BD0A00D159FA /* Products */ = {
			isa = PBXGroup;
			children = (
				9916EF7C2941BD0A00D159FA /* Estafhem.app */,
			);
			name = Products;
			sourceTree = "<group>";
		};
		9916EF7E2941BD0A00D159FA /* Estafhem */ = {
			isa = PBXGroup;
			children = (
				99A732F62949D95500095932 /* Estafhem.entitlements */,
				99EF03A92941C29B0032FB5F /* Start page.swift */,
				26F8AEAD2949CA61004B7BD6 /* InterFace.swift */,
				99EF03A72941C2790032FB5F /* Login .swift */,
				99EF03AB2941C2E20032FB5F /* Forget password.swift */,
				26F8AEAB2949C9CB004B7BD6 /* SignInWithApple.swift */,
				26F8AEB12949CBA6004B7BD6 /* resendPassword.swift */,
				26F8AEAF2949CB73004B7BD6 /* ChangePassword.swift */,
				99EF03AD2941C3130032FB5F /* Sign up .swift */,
				99EF03AF2941C3890032FB5F /* main page.swift */,
				99EF03A32941BDB10032FB5F /* Profaile.swift */,
				99EF03C92941C6440032FB5F /* insturct profile .swift */,
				99A732F7294A13F000095932 /* confirmation.swift */,
				99A732F42949BD6E00095932 /* TermsView.swift */,
				99EF03B52941C4110032FB5F /* Appointment Details .swift */,
				99A732F2294857FB00095932 /* CheckBoxView.swift */,
				99EF03C32941C5D00032FB5F /* Add card.swift */,
				9976D6DB2944B1B300BE57D3 /* Date.swift */,
				99E0675C294A1AD2009BD4E4 /* sessions.swift */,
				9976D6DD2945B35100BE57D3 /* MessageBot.swift */,
				998AB87D2943371A00179B71 /* consular.swift */,
				998AB87F2943373100179B71 /* consularList.swift */,
				99EF03BB2941C5410032FB5F /* reviwe.swift */,
				99EF03BF2941C58D0032FB5F /* Settings.swift */,
				99EF03C72941C6290032FB5F /* user profile.swift */,
				99EF03C52941C60E0032FB5F /* support.swift */,
				9916EF812941BD0A00D159FA /* StartView.swift */,
				99EF03BD2941C56E0032FB5F /* reviwe instructur .swift */,
				99EF03C12941C5A70032FB5F /* manage card page.swift */,
				9916EF7F2941BD0A00D159FA /* EstafhemApp.swift */,
				9916EF832941BD0B00D159FA /* Assets.xcassets */,
				9916EF852941BD0B00D159FA /* Preview Content */,
				992B74562941D60D00A29479 /* SwiftUIView.swift */,
			);
			path = Estafhem;
			sourceTree = "<group>";
		};
		9916EF852941BD0B00D159FA /* Preview Content */ = {
			isa = PBXGroup;
			children = (
				9916EF862941BD0B00D159FA /* Preview Assets.xcassets */,
			);
			path = "Preview Content";
			sourceTree = "<group>";
		};
/* End PBXGroup section */

/* Begin PBXNativeTarget section */
		9916EF7B2941BD0A00D159FA /* Estafhem */ = {
			isa = PBXNativeTarget;
			buildConfigurationList = 9916EF8A2941BD0B00D159FA /* Build configuration list for PBXNativeTarget "Estafhem" */;
			buildPhases = (
				9916EF782941BD0A00D159FA /* Sources */,
				9916EF792941BD0A00D159FA /* Frameworks */,
				9916EF7A2941BD0A00D159FA /* Resources */,
			);
			buildRules = (
			);
			dependencies = (
			);
			name = Estafhem;
			productName = Estafhem;
			productReference = 9916EF7C2941BD0A00D159FA /* Estafhem.app */;
			productType = "com.apple.product-type.application";
		};
/* End PBXNativeTarget section */

/* Begin PBXProject section */
		9916EF742941BD0A00D159FA /* Project object */ = {
			isa = PBXProject;
			attributes = {
				BuildIndependentTargetsInParallel = 1;
				LastSwiftUpdateCheck = 1400;
				LastUpgradeCheck = 1400;
				TargetAttributes = {
					9916EF7B2941BD0A00D159FA = {
						CreatedOnToolsVersion = 14.0.1;
					};
				};
			};
			buildConfigurationList = 9916EF772941BD0A00D159FA /* Build configuration list for PBXProject "Estafhem" */;
			compatibilityVersion = "Xcode 14.0";
			developmentRegion = en;
			hasScannedForEncodings = 0;
			knownRegions = (
				en,
				Base,
			);
			mainGroup = 9916EF732941BD0A00D159FA;
			productRefGroup = 9916EF7D2941BD0A00D159FA /* Products */;
			projectDirPath = "";
			projectRoot = "";
			targets = (
				9916EF7B2941BD0A00D159FA /* Estafhem */,
			);
		};
/* End PBXProject section */

/* Begin PBXResourcesBuildPhase section */
		9916EF7A2941BD0A00D159FA /* Resources */ = {
			isa = PBXResourcesBuildPhase;
			buildActionMask = 2147483647;
			files = (
				9916EF872941BD0B00D159FA /* Preview Assets.xcassets in Resources */,
				9916EF842941BD0B00D159FA /* Assets.xcassets in Resources */,
			);
			runOnlyForDeploymentPostprocessing = 0;
		};
/* End PBXResourcesBuildPhase section */

/* Begin PBXSourcesBuildPhase section */
		9916EF782941BD0A00D159FA /* Sources */ = {
			isa = PBXSourcesBuildPhase;
			buildActionMask = 2147483647;
			files = (
				998AB87E2943371A00179B71 /* consular.swift in Sources */,
				99A732F52949BD6E00095932 /* TermsView.swift in Sources */,
				99EF03BC2941C5410032FB5F /* reviwe.swift in Sources */,
				992B74572941D60D00A29479 /* SwiftUIView.swift in Sources */,
				99EF03AC2941C2E20032FB5F /* Forget password.swift in Sources */,
				99EF03C02941C58D0032FB5F /* Settings.swift in Sources */,
				99EF03AA2941C29B0032FB5F /* Start page.swift in Sources */,
				9976D6DC2944B1B300BE57D3 /* Date.swift in Sources */,
				99E0675D294A1AD2009BD4E4 /* sessions.swift in Sources */,
				99EF03B02941C3890032FB5F /* main page.swift in Sources */,
				99A732F3294857FB00095932 /* CheckBoxView.swift in Sources */,
				99EF03A82941C2790032FB5F /* Login .swift in Sources */,
				26F8AEAC2949C9CB004B7BD6 /* SignInWithApple.swift in Sources */,
				99EF03A42941BDB10032FB5F /* Profaile.swift in Sources */,
				99A732F8294A13F000095932 /* confirmation.swift in Sources */,
				99EF03B62941C4110032FB5F /* Appointment Details .swift in Sources */,
				99EF03BE2941C56E0032FB5F /* reviwe instructur .swift in Sources */,
				26F8AEB22949CBA6004B7BD6 /* resendPassword.swift in Sources */,
				26F8AEAE2949CA61004B7BD6 /* InterFace.swift in Sources */,
				9976D6DE2945B35100BE57D3 /* MessageBot.swift in Sources */,
				9916EF822941BD0A00D159FA /* StartView.swift in Sources */,
				99EF03C62941C60E0032FB5F /* support.swift in Sources */,
				99EF03C22941C5A70032FB5F /* manage card page.swift in Sources */,
				26F8AEB02949CB73004B7BD6 /* ChangePassword.swift in Sources */,
				99EF03CA2941C6440032FB5F /* insturct profile .swift in Sources */,
				99EF03C82941C6290032FB5F /* user profile.swift in Sources */,
				998AB8802943373100179B71 /* consularList.swift in Sources */,
				9916EF802941BD0A00D159FA /* EstafhemApp.swift in Sources */,
				99EF03AE2941C3130032FB5F /* Sign up .swift in Sources */,
				99EF03C42941C5D00032FB5F /* Add card.swift in Sources */,
			);
			runOnlyForDeploymentPostprocessing = 0;
		};
/* End PBXSourcesBuildPhase section */

/* Begin XCBuildConfiguration section */
		9916EF882941BD0B00D159FA /* Debug */ = {
			isa = XCBuildConfiguration;
			buildSettings = {
				ALWAYS_SEARCH_USER_PATHS = NO;
				CLANG_ANALYZER_NONNULL = YES;
				CLANG_ANALYZER_NUMBER_OBJECT_CONVERSION = YES_AGGRESSIVE;
				CLANG_CXX_LANGUAGE_STANDARD = "gnu++20";
				CLANG_ENABLE_MODULES = YES;
				CLANG_ENABLE_OBJC_ARC = YES;
				CLANG_ENABLE_OBJC_WEAK = YES;
				CLANG_WARN_BLOCK_CAPTURE_AUTORELEASING = YES;
				CLANG_WARN_BOOL_CONVERSION = YES;
				CLANG_WARN_COMMA = YES;
				CLANG_WARN_CONSTANT_CONVERSION = YES;
				CLANG_WARN_DEPRECATED_OBJC_IMPLEMENTATIONS = YES;
				CLANG_WARN_DIRECT_OBJC_ISA_USAGE = YES_ERROR;
				CLANG_WARN_DOCUMENTATION_COMMENTS = YES;
				CLANG_WARN_EMPTY_BODY = YES;
				CLANG_WARN_ENUM_CONVERSION = YES;
				CLANG_WARN_INFINITE_RECURSION = YES;
				CLANG_WARN_INT_CONVERSION = YES;
				CLANG_WARN_NON_LITERAL_NULL_CONVERSION = YES;
				CLANG_WARN_OBJC_IMPLICIT_RETAIN_SELF = YES;
				CLANG_WARN_OBJC_LITERAL_CONVERSION = YES;
				CLANG_WARN_OBJC_ROOT_CLASS = YES_ERROR;
				CLANG_WARN_QUOTED_INCLUDE_IN_FRAMEWORK_HEADER = YES;
				CLANG_WARN_RANGE_LOOP_ANALYSIS = YES;
				CLANG_WARN_STRICT_PROTOTYPES = YES;
				CLANG_WARN_SUSPICIOUS_MOVE = YES;
				CLANG_WARN_UNGUARDED_AVAILABILITY = YES_AGGRESSIVE;
				CLANG_WARN_UNREACHABLE_CODE = YES;
				CLANG_WARN__DUPLICATE_METHOD_MATCH = YES;
				COPY_PHASE_STRIP = NO;
				DEBUG_INFORMATION_FORMAT = dwarf;
				ENABLE_STRICT_OBJC_MSGSEND = YES;
				ENABLE_TESTABILITY = YES;
				GCC_C_LANGUAGE_STANDARD = gnu11;
				GCC_DYNAMIC_NO_PIC = NO;
				GCC_NO_COMMON_BLOCKS = YES;
				GCC_OPTIMIZATION_LEVEL = 0;
				GCC_PREPROCESSOR_DEFINITIONS = (
					"DEBUG=1",
					"$(inherited)",
				);
				GCC_WARN_64_TO_32_BIT_CONVERSION = YES;
				GCC_WARN_ABOUT_RETURN_TYPE = YES_ERROR;
				GCC_WARN_UNDECLARED_SELECTOR = YES;
				GCC_WARN_UNINITIALIZED_AUTOS = YES_AGGRESSIVE;
				GCC_WARN_UNUSED_FUNCTION = YES;
				GCC_WARN_UNUSED_VARIABLE = YES;
				IPHONEOS_DEPLOYMENT_TARGET = 16.0;
				MTL_ENABLE_DEBUG_INFO = INCLUDE_SOURCE;
				MTL_FAST_MATH = YES;
				ONLY_ACTIVE_ARCH = YES;
				SDKROOT = iphoneos;
				SWIFT_ACTIVE_COMPILATION_CONDITIONS = DEBUG;
				SWIFT_OPTIMIZATION_LEVEL = "-Onone";
			};
			name = Debug;
		};
		9916EF892941BD0B00D159FA /* Release */ = {
			isa = XCBuildConfiguration;
			buildSettings = {
				ALWAYS_SEARCH_USER_PATHS = NO;
				CLANG_ANALYZER_NONNULL = YES;
				CLANG_ANALYZER_NUMBER_OBJECT_CONVERSION = YES_AGGRESSIVE;
				CLANG_CXX_LANGUAGE_STANDARD = "gnu++20";
				CLANG_ENABLE_MODULES = YES;
				CLANG_ENABLE_OBJC_ARC = YES;
				CLANG_ENABLE_OBJC_WEAK = YES;
				CLANG_WARN_BLOCK_CAPTURE_AUTORELEASING = YES;
				CLANG_WARN_BOOL_CONVERSION = YES;
				CLANG_WARN_COMMA = YES;
				CLANG_WARN_CONSTANT_CONVERSION = YES;
				CLANG_WARN_DEPRECATED_OBJC_IMPLEMENTATIONS = YES;
				CLANG_WARN_DIRECT_OBJC_ISA_USAGE = YES_ERROR;
				CLANG_WARN_DOCUMENTATION_COMMENTS = YES;
				CLANG_WARN_EMPTY_BODY = YES;
				CLANG_WARN_ENUM_CONVERSION = YES;
				CLANG_WARN_INFINITE_RECURSION = YES;
				CLANG_WARN_INT_CONVERSION = YES;
				CLANG_WARN_NON_LITERAL_NULL_CONVERSION = YES;
				CLANG_WARN_OBJC_IMPLICIT_RETAIN_SELF = YES;
				CLANG_WARN_OBJC_LITERAL_CONVERSION = YES;
				CLANG_WARN_OBJC_ROOT_CLASS = YES_ERROR;
				CLANG_WARN_QUOTED_INCLUDE_IN_FRAMEWORK_HEADER = YES;
				CLANG_WARN_RANGE_LOOP_ANALYSIS = YES;
				CLANG_WARN_STRICT_PROTOTYPES = YES;
				CLANG_WARN_SUSPICIOUS_MOVE = YES;
				CLANG_WARN_UNGUARDED_AVAILABILITY = YES_AGGRESSIVE;
				CLANG_WARN_UNREACHABLE_CODE = YES;
				CLANG_WARN__DUPLICATE_METHOD_MATCH = YES;
				COPY_PHASE_STRIP = NO;
				DEBUG_INFORMATION_FORMAT = "dwarf-with-dsym";
				ENABLE_NS_ASSERTIONS = NO;
				ENABLE_STRICT_OBJC_MSGSEND = YES;
				GCC_C_LANGUAGE_STANDARD = gnu11;
				GCC_NO_COMMON_BLOCKS = YES;
				GCC_WARN_64_TO_32_BIT_CONVERSION = YES;
				GCC_WARN_ABOUT_RETURN_TYPE = YES_ERROR;
				GCC_WARN_UNDECLARED_SELECTOR = YES;
				GCC_WARN_UNINITIALIZED_AUTOS = YES_AGGRESSIVE;
				GCC_WARN_UNUSED_FUNCTION = YES;
				GCC_WARN_UNUSED_VARIABLE = YES;
				IPHONEOS_DEPLOYMENT_TARGET = 16.0;
				MTL_ENABLE_DEBUG_INFO = NO;
				MTL_FAST_MATH = YES;
				SDKROOT = iphoneos;
				SWIFT_COMPILATION_MODE = wholemodule;
				SWIFT_OPTIMIZATION_LEVEL = "-O";
				VALIDATE_PRODUCT = YES;
			};
			name = Release;
		};
		9916EF8B2941BD0B00D159FA /* Debug */ = {
			isa = XCBuildConfiguration;
			buildSettings = {
				ASSETCATALOG_COMPILER_APPICON_NAME = AppIcon;
				ASSETCATALOG_COMPILER_GLOBAL_ACCENT_COLOR_NAME = AccentColor;
				CODE_SIGN_ENTITLEMENTS = Estafhem/Estafhem.entitlements;
				CODE_SIGN_IDENTITY = "Apple Development";
				CODE_SIGN_STYLE = Automatic;
				CURRENT_PROJECT_VERSION = 1;
				DEVELOPMENT_ASSET_PATHS = "\"Estafhem/Preview Content\"";
				DEVELOPMENT_TEAM = 56P48H3M35;
				ENABLE_PREVIEWS = YES;
				GENERATE_INFOPLIST_FILE = YES;
				INFOPLIST_KEY_UIApplicationSceneManifest_Generation = YES;
				INFOPLIST_KEY_UIApplicationSupportsIndirectInputEvents = YES;
				INFOPLIST_KEY_UILaunchScreen_Generation = YES;
				INFOPLIST_KEY_UISupportedInterfaceOrientations_iPad = "UIInterfaceOrientationPortrait UIInterfaceOrientationPortraitUpsideDown UIInterfaceOrientationLandscapeLeft UIInterfaceOrientationLandscapeRight";
				INFOPLIST_KEY_UISupportedInterfaceOrientations_iPhone = "UIInterfaceOrientationPortrait UIInterfaceOrientationLandscapeLeft UIInterfaceOrientationLandscapeRight";
				LD_RUNPATH_SEARCH_PATHS = (
					"$(inherited)",
					"@executable_path/Frameworks",
				);
				MARKETING_VERSION = 1.0;
				PRODUCT_BUNDLE_IDENTIFIER = icloud.trialcontainer;
				PRODUCT_NAME = "$(TARGET_NAME)";
				PROVISIONING_PROFILE_SPECIFIER = "";
				SWIFT_EMIT_LOC_STRINGS = YES;
				SWIFT_VERSION = 5.0;
				TARGETED_DEVICE_FAMILY = "1,2";
			};
			name = Debug;
		};
		9916EF8C2941BD0B00D159FA /* Release */ = {
			isa = XCBuildConfiguration;
			buildSettings = {
				ASSETCATALOG_COMPILER_APPICON_NAME = AppIcon;
				ASSETCATALOG_COMPILER_GLOBAL_ACCENT_COLOR_NAME = AccentColor;
				CODE_SIGN_ENTITLEMENTS = Estafhem/Estafhem.entitlements;
				CODE_SIGN_IDENTITY = "Apple Development";
				CODE_SIGN_STYLE = Automatic;
				CURRENT_PROJECT_VERSION = 1;
				DEVELOPMENT_ASSET_PATHS = "\"Estafhem/Preview Content\"";
				DEVELOPMENT_TEAM = 56P48H3M35;
				ENABLE_PREVIEWS = YES;
				GENERATE_INFOPLIST_FILE = YES;
				INFOPLIST_KEY_UIApplicationSceneManifest_Generation = YES;
				INFOPLIST_KEY_UIApplicationSupportsIndirectInputEvents = YES;
				INFOPLIST_KEY_UILaunchScreen_Generation = YES;
				INFOPLIST_KEY_UISupportedInterfaceOrientations_iPad = "UIInterfaceOrientationPortrait UIInterfaceOrientationPortraitUpsideDown UIInterfaceOrientationLandscapeLeft UIInterfaceOrientationLandscapeRight";
				INFOPLIST_KEY_UISupportedInterfaceOrientations_iPhone = "UIInterfaceOrientationPortrait UIInterfaceOrientationLandscapeLeft UIInterfaceOrientationLandscapeRight";
				LD_RUNPATH_SEARCH_PATHS = (
					"$(inherited)",
					"@executable_path/Frameworks",
				);
				MARKETING_VERSION = 1.0;
				PRODUCT_BUNDLE_IDENTIFIER = icloud.trialcontainer;
				PRODUCT_NAME = "$(TARGET_NAME)";
				PROVISIONING_PROFILE_SPECIFIER = "";
				SWIFT_EMIT_LOC_STRINGS = YES;
				SWIFT_VERSION = 5.0;
				TARGETED_DEVICE_FAMILY = "1,2";
			};
			name = Release;
		};
/* End XCBuildConfiguration section */

/* Begin XCConfigurationList section */
		9916EF772941BD0A00D159FA /* Build configuration list for PBXProject "Estafhem" */ = {
			isa = XCConfigurationList;
			buildConfigurations = (
				9916EF882941BD0B00D159FA /* Debug */,
				9916EF892941BD0B00D159FA /* Release */,
			);
			defaultConfigurationIsVisible = 0;
			defaultConfigurationName = Release;
		};
		9916EF8A2941BD0B00D159FA /* Build configuration list for PBXNativeTarget "Estafhem" */ = {
			isa = XCConfigurationList;
			buildConfigurations = (
				9916EF8B2941BD0B00D159FA /* Debug */,
				9916EF8C2941BD0B00D159FA /* Release */,
			);
			defaultConfigurationIsVisible = 0;
			defaultConfigurationName = Release;
		};
/* End XCConfigurationList section */
	};
	rootObject = 9916EF742941BD0A00D159FA /* Project object */;
}
