// !$*UTF8*$!
{
	archiveVersion = 1;
	classes = {
	};
	objectVersion = 56;
	objects = {

/* Begin PBXBuildFile section */
		970DB7CB294882E400D1927F /* BottomView.swift in Sources */ = {isa = PBXBuildFile; fileRef = 970DB7CA294882E400D1927F /* BottomView.swift */; };
		974FF7CD2941BB0200AB8990 /* main Page.swift in Sources */ = {isa = PBXBuildFile; fileRef = 974FF7CC2941BB0200AB8990 /* main Page.swift */; };
		974FF7CF2941EB2900AB8990 /* middelView.swift in Sources */ = {isa = PBXBuildFile; fileRef = 974FF7CE2941EB2900AB8990 /* middelView.swift */; };
		974FF7D32941ECC900AB8990 /* MainPage.swift in Sources */ = {isa = PBXBuildFile; fileRef = 974FF7D22941ECC900AB8990 /* MainPage.swift */; };
		978C8A90293FE32E002DFA46 /* EstafhmApp.swift in Sources */ = {isa = PBXBuildFile; fileRef = 978C8A8F293FE32E002DFA46 /* EstafhmApp.swift */; };
		978C8A92293FE32E002DFA46 /* ContentView.swift in Sources */ = {isa = PBXBuildFile; fileRef = 978C8A91293FE32E002DFA46 /* ContentView.swift */; };
		978C8A94293FE32F002DFA46 /* Assets.xcassets in Resources */ = {isa = PBXBuildFile; fileRef = 978C8A93293FE32F002DFA46 /* Assets.xcassets */; };
		978C8A97293FE32F002DFA46 /* Preview Assets.xcassets in Resources */ = {isa = PBXBuildFile; fileRef = 978C8A96293FE32F002DFA46 /* Preview Assets.xcassets */; };
		97BB3D2E2944E752008FB946 /* Settings.swift in Sources */ = {isa = PBXBuildFile; fileRef = 97BB3D2D2944E752008FB946 /* Settings.swift */; };
		97BB3D302944F360008FB946 /* Supprts.swift in Sources */ = {isa = PBXBuildFile; fileRef = 97BB3D2F2944F360008FB946 /* Supprts.swift */; };
		97BF75F629479F3F007E98A6 /* MyScrollview.swift in Sources */ = {isa = PBXBuildFile; fileRef = 97BF75F529479F3F007E98A6 /* MyScrollview.swift */; };
		97BF75FA2947A771007E98A6 /* SwiftUIView.swift in Sources */ = {isa = PBXBuildFile; fileRef = 97BF75F92947A771007E98A6 /* SwiftUIView.swift */; };
		97BF75FC2947AB79007E98A6 /* jjj.swift in Sources */ = {isa = PBXBuildFile; fileRef = 97BF75FB2947AB79007E98A6 /* jjj.swift */; };
		97C894BD294859950049AC3E /* MainPage2.swift in Sources */ = {isa = PBXBuildFile; fileRef = 97C894BC294859950049AC3E /* MainPage2.swift */; };
		97F5B2BA2945B131006049E4 /* sessions.swift in Sources */ = {isa = PBXBuildFile; fileRef = 97F5B2B92945B131006049E4 /* sessions.swift */; };
/* End PBXBuildFile section */

/* Begin PBXFileReference section */
		970DB7CA294882E400D1927F /* BottomView.swift */ = {isa = PBXFileReference; lastKnownFileType = sourcecode.swift; path = BottomView.swift; sourceTree = "<group>"; };
		974FF7CC2941BB0200AB8990 /* main Page.swift */ = {isa = PBXFileReference; lastKnownFileType = sourcecode.swift; path = "main Page.swift"; sourceTree = "<group>"; };
		974FF7CE2941EB2900AB8990 /* middelView.swift */ = {isa = PBXFileReference; lastKnownFileType = sourcecode.swift; path = middelView.swift; sourceTree = "<group>"; };
		974FF7D22941ECC900AB8990 /* MainPage.swift */ = {isa = PBXFileReference; lastKnownFileType = sourcecode.swift; path = MainPage.swift; sourceTree = "<group>"; };
		978C8A8C293FE32E002DFA46 /* Estafhm.app */ = {isa = PBXFileReference; explicitFileType = wrapper.application; includeInIndex = 0; path = Estafhm.app; sourceTree = BUILT_PRODUCTS_DIR; };
		978C8A8F293FE32E002DFA46 /* EstafhmApp.swift */ = {isa = PBXFileReference; lastKnownFileType = sourcecode.swift; path = EstafhmApp.swift; sourceTree = "<group>"; };
		978C8A91293FE32E002DFA46 /* ContentView.swift */ = {isa = PBXFileReference; lastKnownFileType = sourcecode.swift; path = ContentView.swift; sourceTree = "<group>"; };
		978C8A93293FE32F002DFA46 /* Assets.xcassets */ = {isa = PBXFileReference; lastKnownFileType = folder.assetcatalog; path = Assets.xcassets; sourceTree = "<group>"; };
		978C8A96293FE32F002DFA46 /* Preview Assets.xcassets */ = {isa = PBXFileReference; lastKnownFileType = folder.assetcatalog; path = "Preview Assets.xcassets"; sourceTree = "<group>"; };
		97BB3D2D2944E752008FB946 /* Settings.swift */ = {isa = PBXFileReference; lastKnownFileType = sourcecode.swift; path = Settings.swift; sourceTree = "<group>"; };
		97BB3D2F2944F360008FB946 /* Supprts.swift */ = {isa = PBXFileReference; lastKnownFileType = sourcecode.swift; path = Supprts.swift; sourceTree = "<group>"; };
		97BF75F529479F3F007E98A6 /* MyScrollview.swift */ = {isa = PBXFileReference; lastKnownFileType = sourcecode.swift; path = MyScrollview.swift; sourceTree = "<group>"; };
		97BF75F92947A771007E98A6 /* SwiftUIView.swift */ = {isa = PBXFileReference; lastKnownFileType = sourcecode.swift; path = SwiftUIView.swift; sourceTree = "<group>"; };
		97BF75FB2947AB79007E98A6 /* jjj.swift */ = {isa = PBXFileReference; lastKnownFileType = sourcecode.swift; path = jjj.swift; sourceTree = "<group>"; };
		97C894BC294859950049AC3E /* MainPage2.swift */ = {isa = PBXFileReference; lastKnownFileType = sourcecode.swift; path = MainPage2.swift; sourceTree = "<group>"; };
		97F5B2B92945B131006049E4 /* sessions.swift */ = {isa = PBXFileReference; lastKnownFileType = sourcecode.swift; path = sessions.swift; sourceTree = "<group>"; };
/* End PBXFileReference section */

/* Begin PBXFrameworksBuildPhase section */
		978C8A89293FE32E002DFA46 /* Frameworks */ = {
			isa = PBXFrameworksBuildPhase;
			buildActionMask = 2147483647;
			files = (
			);
			runOnlyForDeploymentPostprocessing = 0;
		};
/* End PBXFrameworksBuildPhase section */

/* Begin PBXGroup section */
		978C8A83293FE32E002DFA46 = {
			isa = PBXGroup;
			children = (
				978C8A8E293FE32E002DFA46 /* Estafhm */,
				978C8A8D293FE32E002DFA46 /* Products */,
			);
			sourceTree = "<group>";
		};
		978C8A8D293FE32E002DFA46 /* Products */ = {
			isa = PBXGroup;
			children = (
				978C8A8C293FE32E002DFA46 /* Estafhm.app */,
			);
			name = Products;
			sourceTree = "<group>";
		};
		978C8A8E293FE32E002DFA46 /* Estafhm */ = {
			isa = PBXGroup;
			children = (
				978C8A93293FE32F002DFA46 /* Assets.xcassets */,
				974FF7D22941ECC900AB8990 /* MainPage.swift */,
				978C8A8F293FE32E002DFA46 /* EstafhmApp.swift */,
				978C8A91293FE32E002DFA46 /* ContentView.swift */,
				974FF7CC2941BB0200AB8990 /* main Page.swift */,
				974FF7CE2941EB2900AB8990 /* middelView.swift */,
				97BF75FB2947AB79007E98A6 /* jjj.swift */,
				97BB3D2C2944E73D008FB946 /* New Group */,
				978C8A95293FE32F002DFA46 /* Preview Content */,
			);
			path = Estafhm;
			sourceTree = "<group>";
		};
		978C8A95293FE32F002DFA46 /* Preview Content */ = {
			isa = PBXGroup;
			children = (
				97BF75F92947A771007E98A6 /* SwiftUIView.swift */,
				97BF75F529479F3F007E98A6 /* MyScrollview.swift */,
				97C894BC294859950049AC3E /* MainPage2.swift */,
				970DB7CA294882E400D1927F /* BottomView.swift */,
				978C8A96293FE32F002DFA46 /* Preview Assets.xcassets */,
			);
			path = "Preview Content";
			sourceTree = "<group>";
		};
		97BB3D2C2944E73D008FB946 /* New Group */ = {
			isa = PBXGroup;
			children = (
				97BB3D2D2944E752008FB946 /* Settings.swift */,
				97BB3D2F2944F360008FB946 /* Supprts.swift */,
				97F5B2B92945B131006049E4 /* sessions.swift */,
			);
			path = "New Group";
			sourceTree = "<group>";
		};
/* End PBXGroup section */

/* Begin PBXNativeTarget section */
		978C8A8B293FE32E002DFA46 /* Estafhm */ = {
			isa = PBXNativeTarget;
			buildConfigurationList = 978C8A9A293FE32F002DFA46 /* Build configuration list for PBXNativeTarget "Estafhm" */;
			buildPhases = (
				978C8A88293FE32E002DFA46 /* Sources */,
				978C8A89293FE32E002DFA46 /* Frameworks */,
				978C8A8A293FE32E002DFA46 /* Resources */,
			);
			buildRules = (
			);
			dependencies = (
			);
			name = Estafhm;
			productName = Estafhm;
			productReference = 978C8A8C293FE32E002DFA46 /* Estafhm.app */;
			productType = "com.apple.product-type.application";
		};
/* End PBXNativeTarget section */

/* Begin PBXProject section */
		978C8A84293FE32E002DFA46 /* Project object */ = {
			isa = PBXProject;
			attributes = {
				BuildIndependentTargetsInParallel = 1;
				LastSwiftUpdateCheck = 1410;
				LastUpgradeCheck = 1410;
				TargetAttributes = {
					978C8A8B293FE32E002DFA46 = {
						CreatedOnToolsVersion = 14.1;
					};
				};
			};
			buildConfigurationList = 978C8A87293FE32E002DFA46 /* Build configuration list for PBXProject "Estafhm" */;
			compatibilityVersion = "Xcode 14.0";
			developmentRegion = en;
			hasScannedForEncodings = 0;
			knownRegions = (
				en,
				Base,
			);
			mainGroup = 978C8A83293FE32E002DFA46;
			productRefGroup = 978C8A8D293FE32E002DFA46 /* Products */;
			projectDirPath = "";
			projectRoot = "";
			targets = (
				978C8A8B293FE32E002DFA46 /* Estafhm */,
			);
		};
/* End PBXProject section */

/* Begin PBXResourcesBuildPhase section */
		978C8A8A293FE32E002DFA46 /* Resources */ = {
			isa = PBXResourcesBuildPhase;
			buildActionMask = 2147483647;
			files = (
				978C8A97293FE32F002DFA46 /* Preview Assets.xcassets in Resources */,
				978C8A94293FE32F002DFA46 /* Assets.xcassets in Resources */,
			);
			runOnlyForDeploymentPostprocessing = 0;
		};
/* End PBXResourcesBuildPhase section */

/* Begin PBXSourcesBuildPhase section */
		978C8A88293FE32E002DFA46 /* Sources */ = {
			isa = PBXSourcesBuildPhase;
			buildActionMask = 2147483647;
			files = (
				97F5B2BA2945B131006049E4 /* sessions.swift in Sources */,
				97BB3D2E2944E752008FB946 /* Settings.swift in Sources */,
				974FF7D32941ECC900AB8990 /* MainPage.swift in Sources */,
				978C8A92293FE32E002DFA46 /* ContentView.swift in Sources */,
				97BF75FA2947A771007E98A6 /* SwiftUIView.swift in Sources */,
				970DB7CB294882E400D1927F /* BottomView.swift in Sources */,
				974FF7CF2941EB2900AB8990 /* middelView.swift in Sources */,
				97C894BD294859950049AC3E /* MainPage2.swift in Sources */,
				978C8A90293FE32E002DFA46 /* EstafhmApp.swift in Sources */,
				97BF75FC2947AB79007E98A6 /* jjj.swift in Sources */,
				97BF75F629479F3F007E98A6 /* MyScrollview.swift in Sources */,
				97BB3D302944F360008FB946 /* Supprts.swift in Sources */,
				974FF7CD2941BB0200AB8990 /* main Page.swift in Sources */,
			);
			runOnlyForDeploymentPostprocessing = 0;
		};
/* End PBXSourcesBuildPhase section */

/* Begin XCBuildConfiguration section */
		978C8A98293FE32F002DFA46 /* Debug */ = {
			isa = XCBuildConfiguration;
			buildSettings = {
				ALWAYS_SEARCH_USER_PATHS = NO;
				CLANG_ANALYZER_NONNULL = YES;
				CLANG_ANALYZER_NUMBER_OBJECT_CONVERSION = YES_AGGRESSIVE;
				CLANG_CXX_LANGUAGE_STANDARD = "gnu++20";
				CLANG_ENABLE_MODULES = YES;
				CLANG_ENABLE_OBJC_ARC = YES;
				CLANG_ENABLE_OBJC_WEAK = YES;
				CLANG_WARN_BLOCK_CAPTURE_AUTORELEASING = YES;
				CLANG_WARN_BOOL_CONVERSION = YES;
				CLANG_WARN_COMMA = YES;
				CLANG_WARN_CONSTANT_CONVERSION = YES;
				CLANG_WARN_DEPRECATED_OBJC_IMPLEMENTATIONS = YES;
				CLANG_WARN_DIRECT_OBJC_ISA_USAGE = YES_ERROR;
				CLANG_WARN_DOCUMENTATION_COMMENTS = YES;
				CLANG_WARN_EMPTY_BODY = YES;
				CLANG_WARN_ENUM_CONVERSION = YES;
				CLANG_WARN_INFINITE_RECURSION = YES;
				CLANG_WARN_INT_CONVERSION = YES;
				CLANG_WARN_NON_LITERAL_NULL_CONVERSION = YES;
				CLANG_WARN_OBJC_IMPLICIT_RETAIN_SELF = YES;
				CLANG_WARN_OBJC_LITERAL_CONVERSION = YES;
				CLANG_WARN_OBJC_ROOT_CLASS = YES_ERROR;
				CLANG_WARN_QUOTED_INCLUDE_IN_FRAMEWORK_HEADER = YES;
				CLANG_WARN_RANGE_LOOP_ANALYSIS = YES;
				CLANG_WARN_STRICT_PROTOTYPES = YES;
				CLANG_WARN_SUSPICIOUS_MOVE = YES;
				CLANG_WARN_UNGUARDED_AVAILABILITY = YES_AGGRESSIVE;
				CLANG_WARN_UNREACHABLE_CODE = YES;
				CLANG_WARN__DUPLICATE_METHOD_MATCH = YES;
				COPY_PHASE_STRIP = NO;
				DEBUG_INFORMATION_FORMAT = dwarf;
				ENABLE_STRICT_OBJC_MSGSEND = YES;
				ENABLE_TESTABILITY = YES;
				GCC_C_LANGUAGE_STANDARD = gnu11;
				GCC_DYNAMIC_NO_PIC = NO;
				GCC_NO_COMMON_BLOCKS = YES;
				GCC_OPTIMIZATION_LEVEL = 0;
				GCC_PREPROCESSOR_DEFINITIONS = (
					"DEBUG=1",
					"$(inherited)",
				);
				GCC_WARN_64_TO_32_BIT_CONVERSION = YES;
				GCC_WARN_ABOUT_RETURN_TYPE = YES_ERROR;
				GCC_WARN_UNDECLARED_SELECTOR = YES;
				GCC_WARN_UNINITIALIZED_AUTOS = YES_AGGRESSIVE;
				GCC_WARN_UNUSED_FUNCTION = YES;
				GCC_WARN_UNUSED_VARIABLE = YES;
				IPHONEOS_DEPLOYMENT_TARGET = 16.1;
				MTL_ENABLE_DEBUG_INFO = INCLUDE_SOURCE;
				MTL_FAST_MATH = YES;
				ONLY_ACTIVE_ARCH = YES;
				SDKROOT = iphoneos;
				SWIFT_ACTIVE_COMPILATION_CONDITIONS = DEBUG;
				SWIFT_OPTIMIZATION_LEVEL = "-Onone";
			};
			name = Debug;
		};
		978C8A99293FE32F002DFA46 /* Release */ = {
			isa = XCBuildConfiguration;
			buildSettings = {
				ALWAYS_SEARCH_USER_PATHS = NO;
				CLANG_ANALYZER_NONNULL = YES;
				CLANG_ANALYZER_NUMBER_OBJECT_CONVERSION = YES_AGGRESSIVE;
				CLANG_CXX_LANGUAGE_STANDARD = "gnu++20";
				CLANG_ENABLE_MODULES = YES;
				CLANG_ENABLE_OBJC_ARC = YES;
				CLANG_ENABLE_OBJC_WEAK = YES;
				CLANG_WARN_BLOCK_CAPTURE_AUTORELEASING = YES;
				CLANG_WARN_BOOL_CONVERSION = YES;
				CLANG_WARN_COMMA = YES;
				CLANG_WARN_CONSTANT_CONVERSION = YES;
				CLANG_WARN_DEPRECATED_OBJC_IMPLEMENTATIONS = YES;
				CLANG_WARN_DIRECT_OBJC_ISA_USAGE = YES_ERROR;
				CLANG_WARN_DOCUMENTATION_COMMENTS = YES;
				CLANG_WARN_EMPTY_BODY = YES;
				CLANG_WARN_ENUM_CONVERSION = YES;
				CLANG_WARN_INFINITE_RECURSION = YES;
				CLANG_WARN_INT_CONVERSION = YES;
				CLANG_WARN_NON_LITERAL_NULL_CONVERSION = YES;
				CLANG_WARN_OBJC_IMPLICIT_RETAIN_SELF = YES;
				CLANG_WARN_OBJC_LITERAL_CONVERSION = YES;
				CLANG_WARN_OBJC_ROOT_CLASS = YES_ERROR;
				CLANG_WARN_QUOTED_INCLUDE_IN_FRAMEWORK_HEADER = YES;
				CLANG_WARN_RANGE_LOOP_ANALYSIS = YES;
				CLANG_WARN_STRICT_PROTOTYPES = YES;
				CLANG_WARN_SUSPICIOUS_MOVE = YES;
				CLANG_WARN_UNGUARDED_AVAILABILITY = YES_AGGRESSIVE;
				CLANG_WARN_UNREACHABLE_CODE = YES;
				CLANG_WARN__DUPLICATE_METHOD_MATCH = YES;
				COPY_PHASE_STRIP = NO;
				DEBUG_INFORMATION_FORMAT = "dwarf-with-dsym";
				ENABLE_NS_ASSERTIONS = NO;
				ENABLE_STRICT_OBJC_MSGSEND = YES;
				GCC_C_LANGUAGE_STANDARD = gnu11;
				GCC_NO_COMMON_BLOCKS = YES;
				GCC_WARN_64_TO_32_BIT_CONVERSION = YES;
				GCC_WARN_ABOUT_RETURN_TYPE = YES_ERROR;
				GCC_WARN_UNDECLARED_SELECTOR = YES;
				GCC_WARN_UNINITIALIZED_AUTOS = YES_AGGRESSIVE;
				GCC_WARN_UNUSED_FUNCTION = YES;
				GCC_WARN_UNUSED_VARIABLE = YES;
				IPHONEOS_DEPLOYMENT_TARGET = 16.1;
				MTL_ENABLE_DEBUG_INFO = NO;
				MTL_FAST_MATH = YES;
				SDKROOT = iphoneos;
				SWIFT_COMPILATION_MODE = wholemodule;
				SWIFT_OPTIMIZATION_LEVEL = "-O";
				VALIDATE_PRODUCT = YES;
			};
			name = Release;
		};
		978C8A9B293FE32F002DFA46 /* Debug */ = {
			isa = XCBuildConfiguration;
			buildSettings = {
				ASSETCATALOG_COMPILER_APPICON_NAME = AppIcon;
				ASSETCATALOG_COMPILER_GLOBAL_ACCENT_COLOR_NAME = AccentColor;
				CODE_SIGN_STYLE = Automatic;
				CURRENT_PROJECT_VERSION = 1;
				DEVELOPMENT_ASSET_PATHS = "\"Estafhm/Preview Content\"";
				DEVELOPMENT_TEAM = P9R8W4WG3C;
				ENABLE_PREVIEWS = YES;
				GENERATE_INFOPLIST_FILE = YES;
				INFOPLIST_KEY_UIApplicationSceneManifest_Generation = YES;
				INFOPLIST_KEY_UIApplicationSupportsIndirectInputEvents = YES;
				INFOPLIST_KEY_UILaunchScreen_Generation = YES;
				INFOPLIST_KEY_UISupportedInterfaceOrientations_iPad = "UIInterfaceOrientationPortrait UIInterfaceOrientationPortraitUpsideDown UIInterfaceOrientationLandscapeLeft UIInterfaceOrientationLandscapeRight";
				INFOPLIST_KEY_UISupportedInterfaceOrientations_iPhone = "UIInterfaceOrientationPortrait UIInterfaceOrientationLandscapeLeft UIInterfaceOrientationLandscapeRight";
				LD_RUNPATH_SEARCH_PATHS = (
					"$(inherited)",
					"@executable_path/Frameworks",
				);
				MARKETING_VERSION = 1.0;
				PRODUCT_BUNDLE_IDENTIFIER = com.ruba.Estafhm;
				PRODUCT_NAME = "$(TARGET_NAME)";
				SWIFT_EMIT_LOC_STRINGS = YES;
				SWIFT_VERSION = 5.0;
				TARGETED_DEVICE_FAMILY = "1,2";
			};
			name = Debug;
		};
		978C8A9C293FE32F002DFA46 /* Release */ = {
			isa = XCBuildConfiguration;
			buildSettings = {
				ASSETCATALOG_COMPILER_APPICON_NAME = AppIcon;
				ASSETCATALOG_COMPILER_GLOBAL_ACCENT_COLOR_NAME = AccentColor;
				CODE_SIGN_STYLE = Automatic;
				CURRENT_PROJECT_VERSION = 1;
				DEVELOPMENT_ASSET_PATHS = "\"Estafhm/Preview Content\"";
				DEVELOPMENT_TEAM = P9R8W4WG3C;
				ENABLE_PREVIEWS = YES;
				GENERATE_INFOPLIST_FILE = YES;
				INFOPLIST_KEY_UIApplicationSceneManifest_Generation = YES;
				INFOPLIST_KEY_UIApplicationSupportsIndirectInputEvents = YES;
				INFOPLIST_KEY_UILaunchScreen_Generation = YES;
				INFOPLIST_KEY_UISupportedInterfaceOrientations_iPad = "UIInterfaceOrientationPortrait UIInterfaceOrientationPortraitUpsideDown UIInterfaceOrientationLandscapeLeft UIInterfaceOrientationLandscapeRight";
				INFOPLIST_KEY_UISupportedInterfaceOrientations_iPhone = "UIInterfaceOrientationPortrait UIInterfaceOrientationLandscapeLeft UIInterfaceOrientationLandscapeRight";
				LD_RUNPATH_SEARCH_PATHS = (
					"$(inherited)",
					"@executable_path/Frameworks",
				);
				MARKETING_VERSION = 1.0;
				PRODUCT_BUNDLE_IDENTIFIER = com.ruba.Estafhm;
				PRODUCT_NAME = "$(TARGET_NAME)";
				SWIFT_EMIT_LOC_STRINGS = YES;
				SWIFT_VERSION = 5.0;
				TARGETED_DEVICE_FAMILY = "1,2";
			};
			name = Release;
		};
/* End XCBuildConfiguration section */

/* Begin XCConfigurationList section */
		978C8A87293FE32E002DFA46 /* Build configuration list for PBXProject "Estafhm" */ = {
			isa = XCConfigurationList;
			buildConfigurations = (
				978C8A98293FE32F002DFA46 /* Debug */,
				978C8A99293FE32F002DFA46 /* Release */,
			);
			defaultConfigurationIsVisible = 0;
			defaultConfigurationName = Release;
		};
		978C8A9A293FE32F002DFA46 /* Build configuration list for PBXNativeTarget "Estafhm" */ = {
			isa = XCConfigurationList;
			buildConfigurations = (
				978C8A9B293FE32F002DFA46 /* Debug */,
				978C8A9C293FE32F002DFA46 /* Release */,
			);
			defaultConfigurationIsVisible = 0;
			defaultConfigurationName = Release;
		};
/* End XCConfigurationList section */
	};
	rootObject = 978C8A84293FE32E002DFA46 /* Project object */;
}
